uuid: edc65b10-5f02-4d54-a9e7-18d3d344b646
langcode: en
status: true
dependencies:
  module:
    - api_data_module
  theme:
    - movies_lib
id: apicontentblock
theme: movies_lib
region: sidebar_first
weight: 0
provider: null
plugin: api_content_block
settings:
  id: api_content_block
  label: 'Api Content Block'
  provider: api_data_module
  label_display: visible
visibility: {  }
